PODS:
  - MarqueeLabel/Swift (3.1.6)
  - NotificationBannerSwiftPod (0.1.1):
    - MarqueeLabel/Swift
    - SnapKit (~> 4.0)
  - Reveal-iOS-SDK (1.6.2)
  - SnapKit (4.0.0)

DEPENDENCIES:
  - NotificationBannerSwiftPod (from `../`)
  - Reveal-iOS-SDK

EXTERNAL SOURCES:
  NotificationBannerSwiftPod:
    :path: ../

SPEC CHECKSUMS:
  MarqueeLabel: 0c41f08ef5773e29c0f71064a8fa788a2fd8b365
  NotificationBannerSwiftPod: 5ae2fcc7cb6de34ec076d0d75cc179b3d3ee298f
  Reveal-iOS-SDK: e2250b3c155bcfac53ae223ddc1f76d08f206c33
  SnapKit: a42d492c16e80209130a3379f73596c3454b7694

PODFILE CHECKSUM: e9767d7c9ba84712ec0a53e2462af9a01872b8df

COCOAPODS: 1.4.0
